// !$*UTF8*$!
{
	archiveVersion = 1;
	classes = {
	};
	objectVersion = 56;
	objects = {

/* Begin PBXBuildFile section */
		57167F282B6D1E280017AE01 /* AppDelegate.swift in Sources */ = {isa = PBXBuildFile; fileRef = 57167F272B6D1E280017AE01 /* AppDelegate.swift */; };
		57167F2A2B6D1E280017AE01 /* SceneDelegate.swift in Sources */ = {isa = PBXBuildFile; fileRef = 57167F292B6D1E280017AE01 /* SceneDelegate.swift */; };
		57167F2F2B6D1E280017AE01 /* Main.storyboard in Resources */ = {isa = PBXBuildFile; fileRef = 57167F2D2B6D1E280017AE01 /* Main.storyboard */; };
		57167F322B6D1E280017AE01 /* ShoppingAppMachineTest.xcdatamodeld in Sources */ = {isa = PBXBuildFile; fileRef = 57167F302B6D1E280017AE01 /* ShoppingAppMachineTest.xcdatamodeld */; };
		57167F342B6D1E290017AE01 /* Assets.xcassets in Resources */ = {isa = PBXBuildFile; fileRef = 57167F332B6D1E290017AE01 /* Assets.xcassets */; };
		57167F372B6D1E290017AE01 /* LaunchScreen.storyboard in Resources */ = {isa = PBXBuildFile; fileRef = 57167F352B6D1E290017AE01 /* LaunchScreen.storyboard */; };
		57167F402B6D1E410017AE01 /* UIView+Extension.swift in Sources */ = {isa = PBXBuildFile; fileRef = 57167F3E2B6D1E410017AE01 /* UIView+Extension.swift */; };
		57167F412B6D1E410017AE01 /* JsonServiceManager.swift in Sources */ = {isa = PBXBuildFile; fileRef = 57167F3F2B6D1E410017AE01 /* JsonServiceManager.swift */; };
		57167F442B6D1E480017AE01 /* items.json in Resources */ = {isa = PBXBuildFile; fileRef = 57167F422B6D1E480017AE01 /* items.json */; };
		57167F452B6D1E480017AE01 /* ItemsModel.swift in Sources */ = {isa = PBXBuildFile; fileRef = 57167F432B6D1E480017AE01 /* ItemsModel.swift */; };
		57167F7E2B6D1E940017AE01 /* FavoriteTableViewCell.xib in Resources */ = {isa = PBXBuildFile; fileRef = 57167F612B6D1E940017AE01 /* FavoriteTableViewCell.xib */; };
		57167F7F2B6D1E940017AE01 /* FavoriteTableViewCell.swift in Sources */ = {isa = PBXBuildFile; fileRef = 57167F622B6D1E940017AE01 /* FavoriteTableViewCell.swift */; };
		57167F812B6D1E940017AE01 /* CategoriesTableViewCell.xib in Resources */ = {isa = PBXBuildFile; fileRef = 57167F652B6D1E940017AE01 /* CategoriesTableViewCell.xib */; };
		57167F822B6D1E940017AE01 /* CategoriesTableViewCell.swift in Sources */ = {isa = PBXBuildFile; fileRef = 57167F662B6D1E940017AE01 /* CategoriesTableViewCell.swift */; };
		57167F832B6D1E940017AE01 /* HomeViewController.swift in Sources */ = {isa = PBXBuildFile; fileRef = 57167F672B6D1E940017AE01 /* HomeViewController.swift */; };
		57167F872B6D1E940017AE01 /* ItemsCollectionViewCell.swift in Sources */ = {isa = PBXBuildFile; fileRef = 57167F6C2B6D1E940017AE01 /* ItemsCollectionViewCell.swift */; };
		57167F882B6D1E940017AE01 /* ItemsCollectionViewCell.xib in Resources */ = {isa = PBXBuildFile; fileRef = 57167F6D2B6D1E940017AE01 /* ItemsCollectionViewCell.xib */; };
		57167F8B2B6D1E940017AE01 /* CartViewController.swift in Sources */ = {isa = PBXBuildFile; fileRef = 57167F712B6D1E940017AE01 /* CartViewController.swift */; };
		57167F8C2B6D1E940017AE01 /* CartTableViewCell.xib in Resources */ = {isa = PBXBuildFile; fileRef = 57167F732B6D1E940017AE01 /* CartTableViewCell.xib */; };
		57167F8D2B6D1E940017AE01 /* CartTableViewCell.swift in Sources */ = {isa = PBXBuildFile; fileRef = 57167F742B6D1E940017AE01 /* CartTableViewCell.swift */; };
		57167F8E2B6D1E940017AE01 /* FavoritesViewController.swift in Sources */ = {isa = PBXBuildFile; fileRef = 57167F752B6D1E940017AE01 /* FavoritesViewController.swift */; };
		57167FA12B6D379E0017AE01 /* UIImage+Extension.swift in Sources */ = {isa = PBXBuildFile; fileRef = 57167FA02B6D379E0017AE01 /* UIImage+Extension.swift */; };
		57167FA72B6D397F0017AE01 /* HomeViewModel.swift in Sources */ = {isa = PBXBuildFile; fileRef = 57167FA62B6D397F0017AE01 /* HomeViewModel.swift */; };
/* End PBXBuildFile section */

/* Begin PBXFileReference section */
		57167F242B6D1E280017AE01 /* ShoppingAppMachineTest.app */ = {isa = PBXFileReference; explicitFileType = wrapper.application; includeInIndex = 0; path = ShoppingAppMachineTest.app; sourceTree = BUILT_PRODUCTS_DIR; };
		57167F272B6D1E280017AE01 /* AppDelegate.swift */ = {isa = PBXFileReference; lastKnownFileType = sourcecode.swift; path = AppDelegate.swift; sourceTree = "<group>"; };
		57167F292B6D1E280017AE01 /* SceneDelegate.swift */ = {isa = PBXFileReference; lastKnownFileType = sourcecode.swift; path = SceneDelegate.swift; sourceTree = "<group>"; };
		57167F2E2B6D1E280017AE01 /* Base */ = {isa = PBXFileReference; lastKnownFileType = file.storyboard; name = Base; path = Base.lproj/Main.storyboard; sourceTree = "<group>"; };
		57167F312B6D1E280017AE01 /* ShoppingAppMachineTest.xcdatamodel */ = {isa = PBXFileReference; lastKnownFileType = wrapper.xcdatamodel; path = ShoppingAppMachineTest.xcdatamodel; sourceTree = "<group>"; };
		57167F332B6D1E290017AE01 /* Assets.xcassets */ = {isa = PBXFileReference; lastKnownFileType = folder.assetcatalog; path = Assets.xcassets; sourceTree = "<group>"; };
		57167F362B6D1E290017AE01 /* Base */ = {isa = PBXFileReference; lastKnownFileType = file.storyboard; name = Base; path = Base.lproj/LaunchScreen.storyboard; sourceTree = "<group>"; };
		57167F382B6D1E290017AE01 /* Info.plist */ = {isa = PBXFileReference; lastKnownFileType = text.plist.xml; path = Info.plist; sourceTree = "<group>"; };
		57167F3E2B6D1E410017AE01 /* UIView+Extension.swift */ = {isa = PBXFileReference; fileEncoding = 4; lastKnownFileType = sourcecode.swift; path = "UIView+Extension.swift"; sourceTree = "<group>"; };
		57167F3F2B6D1E410017AE01 /* JsonServiceManager.swift */ = {isa = PBXFileReference; fileEncoding = 4; lastKnownFileType = sourcecode.swift; path = JsonServiceManager.swift; sourceTree = "<group>"; };
		57167F422B6D1E480017AE01 /* items.json */ = {isa = PBXFileReference; fileEncoding = 4; lastKnownFileType = text.json; path = items.json; sourceTree = "<group>"; };
		57167F432B6D1E480017AE01 /* ItemsModel.swift */ = {isa = PBXFileReference; fileEncoding = 4; lastKnownFileType = sourcecode.swift; path = ItemsModel.swift; sourceTree = "<group>"; };
		57167F612B6D1E940017AE01 /* FavoriteTableViewCell.xib */ = {isa = PBXFileReference; fileEncoding = 4; lastKnownFileType = file.xib; path = FavoriteTableViewCell.xib; sourceTree = "<group>"; };
		57167F622B6D1E940017AE01 /* FavoriteTableViewCell.swift */ = {isa = PBXFileReference; fileEncoding = 4; lastKnownFileType = sourcecode.swift; path = FavoriteTableViewCell.swift; sourceTree = "<group>"; };
		57167F652B6D1E940017AE01 /* CategoriesTableViewCell.xib */ = {isa = PBXFileReference; fileEncoding = 4; lastKnownFileType = file.xib; path = CategoriesTableViewCell.xib; sourceTree = "<group>"; };
		57167F662B6D1E940017AE01 /* CategoriesTableViewCell.swift */ = {isa = PBXFileReference; fileEncoding = 4; lastKnownFileType = sourcecode.swift; path = CategoriesTableViewCell.swift; sourceTree = "<group>"; };
		57167F672B6D1E940017AE01 /* HomeViewController.swift */ = {isa = PBXFileReference; fileEncoding = 4; lastKnownFileType = sourcecode.swift; path = HomeViewController.swift; sourceTree = "<group>"; };
		57167F6C2B6D1E940017AE01 /* ItemsCollectionViewCell.swift */ = {isa = PBXFileReference; fileEncoding = 4; lastKnownFileType = sourcecode.swift; path = ItemsCollectionViewCell.swift; sourceTree = "<group>"; };
		57167F6D2B6D1E940017AE01 /* ItemsCollectionViewCell.xib */ = {isa = PBXFileReference; fileEncoding = 4; lastKnownFileType = file.xib; path = ItemsCollectionViewCell.xib; sourceTree = "<group>"; };
		57167F712B6D1E940017AE01 /* CartViewController.swift */ = {isa = PBXFileReference; fileEncoding = 4; lastKnownFileType = sourcecode.swift; path = CartViewController.swift; sourceTree = "<group>"; };
		57167F732B6D1E940017AE01 /* CartTableViewCell.xib */ = {isa = PBXFileReference; fileEncoding = 4; lastKnownFileType = file.xib; path = CartTableViewCell.xib; sourceTree = "<group>"; };
		57167F742B6D1E940017AE01 /* CartTableViewCell.swift */ = {isa = PBXFileReference; fileEncoding = 4; lastKnownFileType = sourcecode.swift; path = CartTableViewCell.swift; sourceTree = "<group>"; };
		57167F752B6D1E940017AE01 /* FavoritesViewController.swift */ = {isa = PBXFileReference; fileEncoding = 4; lastKnownFileType = sourcecode.swift; path = FavoritesViewController.swift; sourceTree = "<group>"; };
		57167FA02B6D379E0017AE01 /* UIImage+Extension.swift */ = {isa = PBXFileReference; lastKnownFileType = sourcecode.swift; path = "UIImage+Extension.swift"; sourceTree = "<group>"; };
		57167FA62B6D397F0017AE01 /* HomeViewModel.swift */ = {isa = PBXFileReference; lastKnownFileType = sourcecode.swift; path = HomeViewModel.swift; sourceTree = "<group>"; };
/* End PBXFileReference section */

/* Begin PBXFrameworksBuildPhase section */
		57167F212B6D1E280017AE01 /* Frameworks */ = {
			isa = PBXFrameworksBuildPhase;
			buildActionMask = 2147483647;
			files = (
			);
			runOnlyForDeploymentPostprocessing = 0;
		};
/* End PBXFrameworksBuildPhase section */

/* Begin PBXGroup section */
		57167F1B2B6D1E280017AE01 = {
			isa = PBXGroup;
			children = (
				57167F262B6D1E280017AE01 /* ShoppingAppMachineTest */,
				57167F252B6D1E280017AE01 /* Products */,
			);
			sourceTree = "<group>";
		};
		57167F252B6D1E280017AE01 /* Products */ = {
			isa = PBXGroup;
			children = (
				57167F242B6D1E280017AE01 /* ShoppingAppMachineTest.app */,
			);
			name = Products;
			sourceTree = "<group>";
		};
		57167F262B6D1E280017AE01 /* ShoppingAppMachineTest */ = {
			isa = PBXGroup;
			children = (
				57167FAA2B6D3B910017AE01 /* AppDelegate */,
				57167F9F2B6D37600017AE01 /* Helper */,
				57167F9D2B6D36F70017AE01 /* JsonManager */,
				57167F9E2B6D37470017AE01 /* Model */,
				57167FA22B6D391D0017AE01 /* UI */,
				57167FA92B6D3B7A0017AE01 /* StoryBoard */,
				57167FAB2B6D3BAC0017AE01 /* Assets */,
				57167F302B6D1E280017AE01 /* ShoppingAppMachineTest.xcdatamodeld */,
				57167F382B6D1E290017AE01 /* Info.plist */,
			);
			path = ShoppingAppMachineTest;
			sourceTree = "<group>";
		};
		57167F602B6D1E940017AE01 /* FavoriteTableViewCell */ = {
			isa = PBXGroup;
			children = (
				57167F612B6D1E940017AE01 /* FavoriteTableViewCell.xib */,
				57167F622B6D1E940017AE01 /* FavoriteTableViewCell.swift */,
			);
			path = FavoriteTableViewCell;
			sourceTree = "<group>";
		};
		57167F642B6D1E940017AE01 /* CategoriesTableView */ = {
			isa = PBXGroup;
			children = (
				57167F652B6D1E940017AE01 /* CategoriesTableViewCell.xib */,
				57167F662B6D1E940017AE01 /* CategoriesTableViewCell.swift */,
			);
			path = CategoriesTableView;
			sourceTree = "<group>";
		};
		57167F6B2B6D1E940017AE01 /* ItemsCollectionViewCell */ = {
			isa = PBXGroup;
			children = (
				57167F6C2B6D1E940017AE01 /* ItemsCollectionViewCell.swift */,
				57167F6D2B6D1E940017AE01 /* ItemsCollectionViewCell.xib */,
			);
			path = ItemsCollectionViewCell;
			sourceTree = "<group>";
		};
		57167F702B6D1E940017AE01 /* Cart */ = {
			isa = PBXGroup;
			children = (
				57167F712B6D1E940017AE01 /* CartViewController.swift */,
				57167F722B6D1E940017AE01 /* CartTableViewCell */,
			);
			path = Cart;
			sourceTree = "<group>";
		};
		57167F722B6D1E940017AE01 /* CartTableViewCell */ = {
			isa = PBXGroup;
			children = (
				57167F732B6D1E940017AE01 /* CartTableViewCell.xib */,
				57167F742B6D1E940017AE01 /* CartTableViewCell.swift */,
			);
			path = CartTableViewCell;
			sourceTree = "<group>";
		};
		57167F9D2B6D36F70017AE01 /* JsonManager */ = {
			isa = PBXGroup;
			children = (
				57167F422B6D1E480017AE01 /* items.json */,
				57167F3F2B6D1E410017AE01 /* JsonServiceManager.swift */,
			);
			path = JsonManager;
			sourceTree = "<group>";
		};
		57167F9E2B6D37470017AE01 /* Model */ = {
			isa = PBXGroup;
			children = (
				57167F432B6D1E480017AE01 /* ItemsModel.swift */,
			);
			path = Model;
			sourceTree = "<group>";
		};
		57167F9F2B6D37600017AE01 /* Helper */ = {
			isa = PBXGroup;
			children = (
				57167F3E2B6D1E410017AE01 /* UIView+Extension.swift */,
				57167FA02B6D379E0017AE01 /* UIImage+Extension.swift */,
			);
			path = Helper;
			sourceTree = "<group>";
		};
		57167FA22B6D391D0017AE01 /* UI */ = {
			isa = PBXGroup;
			children = (
				57167FA32B6D39390017AE01 /* Home */,
				57167F702B6D1E940017AE01 /* Cart */,
				57167FAD2B6D3BF80017AE01 /* Favorite */,
			);
			path = UI;
			sourceTree = "<group>";
		};
		57167FA32B6D39390017AE01 /* Home */ = {
			isa = PBXGroup;
			children = (
				57167FA52B6D39620017AE01 /* ViewModel */,
				57167FA42B6D394E0017AE01 /* View */,
			);
			path = Home;
			sourceTree = "<group>";
		};
		57167FA42B6D394E0017AE01 /* View */ = {
			isa = PBXGroup;
			children = (
				57167F672B6D1E940017AE01 /* HomeViewController.swift */,
				57167FA82B6D3B340017AE01 /* Cell */,
			);
			path = View;
			sourceTree = "<group>";
		};
		57167FA52B6D39620017AE01 /* ViewModel */ = {
			isa = PBXGroup;
			children = (
				57167FA62B6D397F0017AE01 /* HomeViewModel.swift */,
			);
			path = ViewModel;
			sourceTree = "<group>";
		};
		57167FA82B6D3B340017AE01 /* Cell */ = {
			isa = PBXGroup;
			children = (
				57167F642B6D1E940017AE01 /* CategoriesTableView */,
				57167F6B2B6D1E940017AE01 /* ItemsCollectionViewCell */,
			);
			path = Cell;
			sourceTree = "<group>";
		};
		57167FA92B6D3B7A0017AE01 /* StoryBoard */ = {
			isa = PBXGroup;
			children = (
				57167F2D2B6D1E280017AE01 /* Main.storyboard */,
				57167F352B6D1E290017AE01 /* LaunchScreen.storyboard */,
			);
			path = StoryBoard;
			sourceTree = "<group>";
		};
		57167FAA2B6D3B910017AE01 /* AppDelegate */ = {
			isa = PBXGroup;
			children = (
				57167F272B6D1E280017AE01 /* AppDelegate.swift */,
				57167F292B6D1E280017AE01 /* SceneDelegate.swift */,
			);
			path = AppDelegate;
			sourceTree = "<group>";
		};
		57167FAB2B6D3BAC0017AE01 /* Assets */ = {
			isa = PBXGroup;
			children = (
				57167F332B6D1E290017AE01 /* Assets.xcassets */,
			);
			path = Assets;
			sourceTree = "<group>";
		};
		57167FAD2B6D3BF80017AE01 /* Favorite */ = {
			isa = PBXGroup;
			children = (
				57167F752B6D1E940017AE01 /* FavoritesViewController.swift */,
				57167F602B6D1E940017AE01 /* FavoriteTableViewCell */,
			);
			path = Favorite;
			sourceTree = "<group>";
		};
/* End PBXGroup section */

/* Begin PBXNativeTarget section */
		57167F232B6D1E280017AE01 /* ShoppingAppMachineTest */ = {
			isa = PBXNativeTarget;
			buildConfigurationList = 57167F3B2B6D1E290017AE01 /* Build configuration list for PBXNativeTarget "ShoppingAppMachineTest" */;
			buildPhases = (
				57167F202B6D1E280017AE01 /* Sources */,
				57167F212B6D1E280017AE01 /* Frameworks */,
				57167F222B6D1E280017AE01 /* Resources */,
			);
			buildRules = (
			);
			dependencies = (
			);
			name = ShoppingAppMachineTest;
			productName = ShoppingAppMachineTest;
			productReference = 57167F242B6D1E280017AE01 /* ShoppingAppMachineTest.app */;
			productType = "com.apple.product-type.application";
		};
/* End PBXNativeTarget section */

/* Begin PBXProject section */
		57167F1C2B6D1E280017AE01 /* Project object */ = {
			isa = PBXProject;
			attributes = {
				BuildIndependentTargetsInParallel = 1;
				LastSwiftUpdateCheck = 1520;
				LastUpgradeCheck = 1520;
				TargetAttributes = {
					57167F232B6D1E280017AE01 = {
						CreatedOnToolsVersion = 15.2;
					};
				};
			};
			buildConfigurationList = 57167F1F2B6D1E280017AE01 /* Build configuration list for PBXProject "ShoppingAppMachineTest" */;
			compatibilityVersion = "Xcode 14.0";
			developmentRegion = en;
			hasScannedForEncodings = 0;
			knownRegions = (
				en,
				Base,
			);
			mainGroup = 57167F1B2B6D1E280017AE01;
			productRefGroup = 57167F252B6D1E280017AE01 /* Products */;
			projectDirPath = "";
			projectRoot = "";
			targets = (
				57167F232B6D1E280017AE01 /* ShoppingAppMachineTest */,
			);
		};
/* End PBXProject section */

/* Begin PBXResourcesBuildPhase section */
		57167F222B6D1E280017AE01 /* Resources */ = {
			isa = PBXResourcesBuildPhase;
			buildActionMask = 2147483647;
			files = (
				57167F442B6D1E480017AE01 /* items.json in Resources */,
				57167F372B6D1E290017AE01 /* LaunchScreen.storyboard in Resources */,
				57167F812B6D1E940017AE01 /* CategoriesTableViewCell.xib in Resources */,
				57167F7E2B6D1E940017AE01 /* FavoriteTableViewCell.xib in Resources */,
				57167F8C2B6D1E940017AE01 /* CartTableViewCell.xib in Resources */,
				57167F342B6D1E290017AE01 /* Assets.xcassets in Resources */,
				57167F2F2B6D1E280017AE01 /* Main.storyboard in Resources */,
				57167F882B6D1E940017AE01 /* ItemsCollectionViewCell.xib in Resources */,
			);
			runOnlyForDeploymentPostprocessing = 0;
		};
/* End PBXResourcesBuildPhase section */

/* Begin PBXSourcesBuildPhase section */
		57167F202B6D1E280017AE01 /* Sources */ = {
			isa = PBXSourcesBuildPhase;
			buildActionMask = 2147483647;
			files = (
				57167FA72B6D397F0017AE01 /* HomeViewModel.swift in Sources */,
				57167F872B6D1E940017AE01 /* ItemsCollectionViewCell.swift in Sources */,
				57167F322B6D1E280017AE01 /* ShoppingAppMachineTest.xcdatamodeld in Sources */,
				57167F402B6D1E410017AE01 /* UIView+Extension.swift in Sources */,
				57167F8D2B6D1E940017AE01 /* CartTableViewCell.swift in Sources */,
				57167F452B6D1E480017AE01 /* ItemsModel.swift in Sources */,
				57167F7F2B6D1E940017AE01 /* FavoriteTableViewCell.swift in Sources */,
				57167F412B6D1E410017AE01 /* JsonServiceManager.swift in Sources */,
				57167F282B6D1E280017AE01 /* AppDelegate.swift in Sources */,
				57167F832B6D1E940017AE01 /* HomeViewController.swift in Sources */,
				57167FA12B6D379E0017AE01 /* UIImage+Extension.swift in Sources */,
				57167F8B2B6D1E940017AE01 /* CartViewController.swift in Sources */,
				57167F2A2B6D1E280017AE01 /* SceneDelegate.swift in Sources */,
				57167F8E2B6D1E940017AE01 /* FavoritesViewController.swift in Sources */,
				57167F822B6D1E940017AE01 /* CategoriesTableViewCell.swift in Sources */,
			);
			runOnlyForDeploymentPostprocessing = 0;
		};
/* End PBXSourcesBuildPhase section */

/* Begin PBXVariantGroup section */
		57167F2D2B6D1E280017AE01 /* Main.storyboard */ = {
			isa = PBXVariantGroup;
			children = (
				57167F2E2B6D1E280017AE01 /* Base */,
			);
			name = Main.storyboard;
			sourceTree = "<group>";
		};
		57167F352B6D1E290017AE01 /* LaunchScreen.storyboard */ = {
			isa = PBXVariantGroup;
			children = (
				57167F362B6D1E290017AE01 /* Base */,
			);
			name = LaunchScreen.storyboard;
			sourceTree = "<group>";
		};
/* End PBXVariantGroup section */

/* Begin XCBuildConfiguration section */
		57167F392B6D1E290017AE01 /* Debug */ = {
			isa = XCBuildConfiguration;
			buildSettings = {
				ALWAYS_SEARCH_USER_PATHS = NO;
				ASSETCATALOG_COMPILER_GENERATE_SWIFT_ASSET_SYMBOL_EXTENSIONS = YES;
				CLANG_ANALYZER_NONNULL = YES;
				CLANG_ANALYZER_NUMBER_OBJECT_CONVERSION = YES_AGGRESSIVE;
				CLANG_CXX_LANGUAGE_STANDARD = "gnu++20";
				CLANG_ENABLE_MODULES = YES;
				CLANG_ENABLE_OBJC_ARC = YES;
				CLANG_ENABLE_OBJC_WEAK = YES;
				CLANG_WARN_BLOCK_CAPTURE_AUTORELEASING = YES;
				CLANG_WARN_BOOL_CONVERSION = YES;
				CLANG_WARN_COMMA = YES;
				CLANG_WARN_CONSTANT_CONVERSION = YES;
				CLANG_WARN_DEPRECATED_OBJC_IMPLEMENTATIONS = YES;
				CLANG_WARN_DIRECT_OBJC_ISA_USAGE = YES_ERROR;
				CLANG_WARN_DOCUMENTATION_COMMENTS = YES;
				CLANG_WARN_EMPTY_BODY = YES;
				CLANG_WARN_ENUM_CONVERSION = YES;
				CLANG_WARN_INFINITE_RECURSION = YES;
				CLANG_WARN_INT_CONVERSION = YES;
				CLANG_WARN_NON_LITERAL_NULL_CONVERSION = YES;
				CLANG_WARN_OBJC_IMPLICIT_RETAIN_SELF = YES;
				CLANG_WARN_OBJC_LITERAL_CONVERSION = YES;
				CLANG_WARN_OBJC_ROOT_CLASS = YES_ERROR;
				CLANG_WARN_QUOTED_INCLUDE_IN_FRAMEWORK_HEADER = YES;
				CLANG_WARN_RANGE_LOOP_ANALYSIS = YES;
				CLANG_WARN_STRICT_PROTOTYPES = YES;
				CLANG_WARN_SUSPICIOUS_MOVE = YES;
				CLANG_WARN_UNGUARDED_AVAILABILITY = YES_AGGRESSIVE;
				CLANG_WARN_UNREACHABLE_CODE = YES;
				CLANG_WARN__DUPLICATE_METHOD_MATCH = YES;
				COPY_PHASE_STRIP = NO;
				DEBUG_INFORMATION_FORMAT = dwarf;
				ENABLE_STRICT_OBJC_MSGSEND = YES;
				ENABLE_TESTABILITY = YES;
				ENABLE_USER_SCRIPT_SANDBOXING = YES;
				GCC_C_LANGUAGE_STANDARD = gnu17;
				GCC_DYNAMIC_NO_PIC = NO;
				GCC_NO_COMMON_BLOCKS = YES;
				GCC_OPTIMIZATION_LEVEL = 0;
				GCC_PREPROCESSOR_DEFINITIONS = (
					"DEBUG=1",
					"$(inherited)",
				);
				GCC_WARN_64_TO_32_BIT_CONVERSION = YES;
				GCC_WARN_ABOUT_RETURN_TYPE = YES_ERROR;
				GCC_WARN_UNDECLARED_SELECTOR = YES;
				GCC_WARN_UNINITIALIZED_AUTOS = YES_AGGRESSIVE;
				GCC_WARN_UNUSED_FUNCTION = YES;
				GCC_WARN_UNUSED_VARIABLE = YES;
				IPHONEOS_DEPLOYMENT_TARGET = 17.2;
				LOCALIZATION_PREFERS_STRING_CATALOGS = YES;
				MTL_ENABLE_DEBUG_INFO = INCLUDE_SOURCE;
				MTL_FAST_MATH = YES;
				ONLY_ACTIVE_ARCH = YES;
				SDKROOT = iphoneos;
				SWIFT_ACTIVE_COMPILATION_CONDITIONS = "DEBUG $(inherited)";
				SWIFT_OPTIMIZATION_LEVEL = "-Onone";
			};
			name = Debug;
		};
		57167F3A2B6D1E290017AE01 /* Release */ = {
			isa = XCBuildConfiguration;
			buildSettings = {
				ALWAYS_SEARCH_USER_PATHS = NO;
				ASSETCATALOG_COMPILER_GENERATE_SWIFT_ASSET_SYMBOL_EXTENSIONS = YES;
				CLANG_ANALYZER_NONNULL = YES;
				CLANG_ANALYZER_NUMBER_OBJECT_CONVERSION = YES_AGGRESSIVE;
				CLANG_CXX_LANGUAGE_STANDARD = "gnu++20";
				CLANG_ENABLE_MODULES = YES;
				CLANG_ENABLE_OBJC_ARC = YES;
				CLANG_ENABLE_OBJC_WEAK = YES;
				CLANG_WARN_BLOCK_CAPTURE_AUTORELEASING = YES;
				CLANG_WARN_BOOL_CONVERSION = YES;
				CLANG_WARN_COMMA = YES;
				CLANG_WARN_CONSTANT_CONVERSION = YES;
				CLANG_WARN_DEPRECATED_OBJC_IMPLEMENTATIONS = YES;
				CLANG_WARN_DIRECT_OBJC_ISA_USAGE = YES_ERROR;
				CLANG_WARN_DOCUMENTATION_COMMENTS = YES;
				CLANG_WARN_EMPTY_BODY = YES;
				CLANG_WARN_ENUM_CONVERSION = YES;
				CLANG_WARN_INFINITE_RECURSION = YES;
				CLANG_WARN_INT_CONVERSION = YES;
				CLANG_WARN_NON_LITERAL_NULL_CONVERSION = YES;
				CLANG_WARN_OBJC_IMPLICIT_RETAIN_SELF = YES;
				CLANG_WARN_OBJC_LITERAL_CONVERSION = YES;
				CLANG_WARN_OBJC_ROOT_CLASS = YES_ERROR;
				CLANG_WARN_QUOTED_INCLUDE_IN_FRAMEWORK_HEADER = YES;
				CLANG_WARN_RANGE_LOOP_ANALYSIS = YES;
				CLANG_WARN_STRICT_PROTOTYPES = YES;
				CLANG_WARN_SUSPICIOUS_MOVE = YES;
				CLANG_WARN_UNGUARDED_AVAILABILITY = YES_AGGRESSIVE;
				CLANG_WARN_UNREACHABLE_CODE = YES;
				CLANG_WARN__DUPLICATE_METHOD_MATCH = YES;
				COPY_PHASE_STRIP = NO;
				DEBUG_INFORMATION_FORMAT = "dwarf-with-dsym";
				ENABLE_NS_ASSERTIONS = NO;
				ENABLE_STRICT_OBJC_MSGSEND = YES;
				ENABLE_USER_SCRIPT_SANDBOXING = YES;
				GCC_C_LANGUAGE_STANDARD = gnu17;
				GCC_NO_COMMON_BLOCKS = YES;
				GCC_WARN_64_TO_32_BIT_CONVERSION = YES;
				GCC_WARN_ABOUT_RETURN_TYPE = YES_ERROR;
				GCC_WARN_UNDECLARED_SELECTOR = YES;
				GCC_WARN_UNINITIALIZED_AUTOS = YES_AGGRESSIVE;
				GCC_WARN_UNUSED_FUNCTION = YES;
				GCC_WARN_UNUSED_VARIABLE = YES;
				IPHONEOS_DEPLOYMENT_TARGET = 17.2;
				LOCALIZATION_PREFERS_STRING_CATALOGS = YES;
				MTL_ENABLE_DEBUG_INFO = NO;
				MTL_FAST_MATH = YES;
				SDKROOT = iphoneos;
				SWIFT_COMPILATION_MODE = wholemodule;
				VALIDATE_PRODUCT = YES;
			};
			name = Release;
		};
		57167F3C2B6D1E290017AE01 /* Debug */ = {
			isa = XCBuildConfiguration;
			buildSettings = {
				ASSETCATALOG_COMPILER_APPICON_NAME = AppIcon;
				ASSETCATALOG_COMPILER_GLOBAL_ACCENT_COLOR_NAME = AccentColor;
				CODE_SIGN_STYLE = Automatic;
				CURRENT_PROJECT_VERSION = 1;
				DEVELOPMENT_TEAM = TG67W2FMU4;
				GENERATE_INFOPLIST_FILE = YES;
				INFOPLIST_FILE = ShoppingAppMachineTest/Info.plist;
				INFOPLIST_KEY_UIApplicationSupportsIndirectInputEvents = YES;
				INFOPLIST_KEY_UILaunchStoryboardName = LaunchScreen;
				INFOPLIST_KEY_UIMainStoryboardFile = Main;
				INFOPLIST_KEY_UISupportedInterfaceOrientations_iPad = "UIInterfaceOrientationPortrait UIInterfaceOrientationPortraitUpsideDown UIInterfaceOrientationLandscapeLeft UIInterfaceOrientationLandscapeRight";
				INFOPLIST_KEY_UISupportedInterfaceOrientations_iPhone = "UIInterfaceOrientationPortrait UIInterfaceOrientationLandscapeLeft UIInterfaceOrientationLandscapeRight";
				LD_RUNPATH_SEARCH_PATHS = (
					"$(inherited)",
					"@executable_path/Frameworks",
				);
				MARKETING_VERSION = 1.0;
				PRODUCT_BUNDLE_IDENTIFIER = com.pravin.shopping.com.ShoppingAppMachineTest;
				PRODUCT_NAME = "$(TARGET_NAME)";
				SWIFT_EMIT_LOC_STRINGS = YES;
				SWIFT_VERSION = 5.0;
				TARGETED_DEVICE_FAMILY = "1,2";
			};
			name = Debug;
		};
		57167F3D2B6D1E290017AE01 /* Release */ = {
			isa = XCBuildConfiguration;
			buildSettings = {
				ASSETCATALOG_COMPILER_APPICON_NAME = AppIcon;
				ASSETCATALOG_COMPILER_GLOBAL_ACCENT_COLOR_NAME = AccentColor;
				CODE_SIGN_STYLE = Automatic;
				CURRENT_PROJECT_VERSION = 1;
				DEVELOPMENT_TEAM = TG67W2FMU4;
				GENERATE_INFOPLIST_FILE = YES;
				INFOPLIST_FILE = ShoppingAppMachineTest/Info.plist;
				INFOPLIST_KEY_UIApplicationSupportsIndirectInputEvents = YES;
				INFOPLIST_KEY_UILaunchStoryboardName = LaunchScreen;
				INFOPLIST_KEY_UIMainStoryboardFile = Main;
				INFOPLIST_KEY_UISupportedInterfaceOrientations_iPad = "UIInterfaceOrientationPortrait UIInterfaceOrientationPortraitUpsideDown UIInterfaceOrientationLandscapeLeft UIInterfaceOrientationLandscapeRight";
				INFOPLIST_KEY_UISupportedInterfaceOrientations_iPhone = "UIInterfaceOrientationPortrait UIInterfaceOrientationLandscapeLeft UIInterfaceOrientationLandscapeRight";
				LD_RUNPATH_SEARCH_PATHS = (
					"$(inherited)",
					"@executable_path/Frameworks",
				);
				MARKETING_VERSION = 1.0;
				PRODUCT_BUNDLE_IDENTIFIER = com.pravin.shopping.com.ShoppingAppMachineTest;
				PRODUCT_NAME = "$(TARGET_NAME)";
				SWIFT_EMIT_LOC_STRINGS = YES;
				SWIFT_VERSION = 5.0;
				TARGETED_DEVICE_FAMILY = "1,2";
			};
			name = Release;
		};
/* End XCBuildConfiguration section */

/* Begin XCConfigurationList section */
		57167F1F2B6D1E280017AE01 /* Build configuration list for PBXProject "ShoppingAppMachineTest" */ = {
			isa = XCConfigurationList;
			buildConfigurations = (
				57167F392B6D1E290017AE01 /* Debug */,
				57167F3A2B6D1E290017AE01 /* Release */,
			);
			defaultConfigurationIsVisible = 0;
			defaultConfigurationName = Release;
		};
		57167F3B2B6D1E290017AE01 /* Build configuration list for PBXNativeTarget "ShoppingAppMachineTest" */ = {
			isa = XCConfigurationList;
			buildConfigurations = (
				57167F3C2B6D1E290017AE01 /* Debug */,
				57167F3D2B6D1E290017AE01 /* Release */,
			);
			defaultConfigurationIsVisible = 0;
			defaultConfigurationName = Release;
		};
/* End XCConfigurationList section */

/* Begin XCVersionGroup section */
		57167F302B6D1E280017AE01 /* ShoppingAppMachineTest.xcdatamodeld */ = {
			isa = XCVersionGroup;
			children = (
				57167F312B6D1E280017AE01 /* ShoppingAppMachineTest.xcdatamodel */,
			);
			currentVersion = 57167F312B6D1E280017AE01 /* ShoppingAppMachineTest.xcdatamodel */;
			path = ShoppingAppMachineTest.xcdatamodeld;
			sourceTree = "<group>";
			versionGroupType = wrapper.xcdatamodel;
		};
/* End XCVersionGroup section */
	};
	rootObject = 57167F1C2B6D1E280017AE01 /* Project object */;
}
